Microsoft Visual Studio Solution File, Format Version 12.00
# Visual Studio 15
VisualStudioVersion = 15.0.27130.2036
MinimumVisualStudioVersion = 10.0.40219.1
Project("{2150E333-8FDC-42A3-9474-1A3956D46DE8}") = "Solution Items", "Solution Items", "{A6878F19-D808-40A3-AEB5-DEC78FA47D5C}"
	ProjectSection(SolutionItems) = preProject
		appveyor.yml = appveyor.yml
		build.yaml = build.yaml
		NuGet.Config = NuGet.Config
	EndProjectSection
EndProject
Project("{2150E333-8FDC-42A3-9474-1A3956D46DE8}") = "src", "src", "{893DD448-96BF-4115-94D6-E85E6466F614}"
EndProject
Project("{2150E333-8FDC-42A3-9474-1A3956D46DE8}") = "test", "test", "{36D4F041-A871-48E0-89FC-9B47E9A71383}"
EndProject
Project("{9A19103F-16F7-4668-BE54-9A1E7A4F7556}") = "Data", "src\Lizards.Data\Data.csproj", "{9A19103F-16F7-4668-BE54-9A1E7A4F7554}"
EndProject
Project("{9A19103F-16F7-4668-BE54-9A1E7A4F7556}") = "Data.Azure", "src\Lizards.Data.Azure\Data.Azure.csproj", "{9A19103F-16F7-4668-BE54-9A1E7A4F7553}"
EndProject
Project("{9A19103F-16F7-4668-BE54-9A1E7A4F7556}") = "Data.InMemory", "src\Lizards.Data.InMemory\Data.InMemory.csproj", "{9A19103F-16F7-4668-BE54-9A1E7A4F7552}"
EndProject
Project("{9A19103F-16F7-4668-BE54-9A1E7A4F7556}") = "Lizards.Data.Types", "src\Lizards.Data.Types\Lizards.Data.Types.csproj", "{9A19103F-16F7-4668-BE54-9A1E7A4F7551}"
EndProject
Project("{6EC3EE1D-3C4E-46DD-8F32-0CC8E7565705}") = "Unit", "test\Lizzards.Data.Test.Unit\Unit.fsproj", "{B71BE7B2-9B15-48A8-BB26-33A90636D5E6}"
EndProject
Project("{6EC3EE1D-3C4E-46DD-8F32-0CC8E7565705}") = "Data.Cache", "src\Lizzards.Data.Cache\Data.Cache.fsproj", "{566C4717-D3ED-44AF-A3BF-CE1F80DAEBDC}"
EndProject
Global
	GlobalSection(SolutionConfigurationPlatforms) = preSolution
		Debug|Any CPU = Debug|Any CPU
		Debug|x64 = Debug|x64
		Debug|x86 = Debug|x86
		Release|Any CPU = Release|Any CPU
		Release|x64 = Release|x64
		Release|x86 = Release|x86
	EndGlobalSection
	GlobalSection(ProjectConfigurationPlatforms) = postSolution
		{9A19103F-16F7-4668-BE54-9A1E7A4F7554}.Debug|Any CPU.ActiveCfg = Debug|Any CPU
		{9A19103F-16F7-4668-BE54-9A1E7A4F7554}.Debug|Any CPU.Build.0 = Debug|Any CPU
		{9A19103F-16F7-4668-BE54-9A1E7A4F7554}.Debug|x64.ActiveCfg = Debug|Any CPU
		{9A19103F-16F7-4668-BE54-9A1E7A4F7554}.Debug|x64.Build.0 = Debug|Any CPU
		{9A19103F-16F7-4668-BE54-9A1E7A4F7554}.Debug|x86.ActiveCfg = Debug|Any CPU
		{9A19103F-16F7-4668-BE54-9A1E7A4F7554}.Debug|x86.Build.0 = Debug|Any CPU
		{9A19103F-16F7-4668-BE54-9A1E7A4F7554}.Release|Any CPU.ActiveCfg = Release|Any CPU
		{9A19103F-16F7-4668-BE54-9A1E7A4F7554}.Release|Any CPU.Build.0 = Release|Any CPU
		{9A19103F-16F7-4668-BE54-9A1E7A4F7554}.Release|x64.ActiveCfg = Release|Any CPU
		{9A19103F-16F7-4668-BE54-9A1E7A4F7554}.Release|x64.Build.0 = Release|Any CPU
		{9A19103F-16F7-4668-BE54-9A1E7A4F7554}.Release|x86.ActiveCfg = Release|Any CPU
		{9A19103F-16F7-4668-BE54-9A1E7A4F7554}.Release|x86.Build.0 = Release|Any CPU
		{9A19103F-16F7-4668-BE54-9A1E7A4F7553}.Debug|Any CPU.ActiveCfg = Debug|Any CPU
		{9A19103F-16F7-4668-BE54-9A1E7A4F7553}.Debug|Any CPU.Build.0 = Debug|Any CPU
		{9A19103F-16F7-4668-BE54-9A1E7A4F7553}.Debug|x64.ActiveCfg = Debug|Any CPU
		{9A19103F-16F7-4668-BE54-9A1E7A4F7553}.Debug|x64.Build.0 = Debug|Any CPU
		{9A19103F-16F7-4668-BE54-9A1E7A4F7553}.Debug|x86.ActiveCfg = Debug|Any CPU
		{9A19103F-16F7-4668-BE54-9A1E7A4F7553}.Debug|x86.Build.0 = Debug|Any CPU
		{9A19103F-16F7-4668-BE54-9A1E7A4F7553}.Release|Any CPU.ActiveCfg = Release|Any CPU
		{9A19103F-16F7-4668-BE54-9A1E7A4F7553}.Release|Any CPU.Build.0 = Release|Any CPU
		{9A19103F-16F7-4668-BE54-9A1E7A4F7553}.Release|x64.ActiveCfg = Release|Any CPU
		{9A19103F-16F7-4668-BE54-9A1E7A4F7553}.Release|x64.Build.0 = Release|Any CPU
		{9A19103F-16F7-4668-BE54-9A1E7A4F7553}.Release|x86.ActiveCfg = Release|Any CPU
		{9A19103F-16F7-4668-BE54-9A1E7A4F7553}.Release|x86.Build.0 = Release|Any CPU
		{9A19103F-16F7-4668-BE54-9A1E7A4F7552}.Debug|Any CPU.ActiveCfg = Debug|Any CPU
		{9A19103F-16F7-4668-BE54-9A1E7A4F7552}.Debug|Any CPU.Build.0 = Debug|Any CPU
		{9A19103F-16F7-4668-BE54-9A1E7A4F7552}.Debug|x64.ActiveCfg = Debug|Any CPU
		{9A19103F-16F7-4668-BE54-9A1E7A4F7552}.Debug|x64.Build.0 = Debug|Any CPU
		{9A19103F-16F7-4668-BE54-9A1E7A4F7552}.Debug|x86.ActiveCfg = Debug|Any CPU
		{9A19103F-16F7-4668-BE54-9A1E7A4F7552}.Debug|x86.Build.0 = Debug|Any CPU
		{9A19103F-16F7-4668-BE54-9A1E7A4F7552}.Release|Any CPU.ActiveCfg = Release|Any CPU
		{9A19103F-16F7-4668-BE54-9A1E7A4F7552}.Release|Any CPU.Build.0 = Release|Any CPU
		{9A19103F-16F7-4668-BE54-9A1E7A4F7552}.Release|x64.ActiveCfg = Release|Any CPU
		{9A19103F-16F7-4668-BE54-9A1E7A4F7552}.Release|x64.Build.0 = Release|Any CPU
		{9A19103F-16F7-4668-BE54-9A1E7A4F7552}.Release|x86.ActiveCfg = Release|Any CPU
		{9A19103F-16F7-4668-BE54-9A1E7A4F7552}.Release|x86.Build.0 = Release|Any CPU
		{9A19103F-16F7-4668-BE54-9A1E7A4F7551}.Debug|Any CPU.ActiveCfg = Debug|Any CPU
		{9A19103F-16F7-4668-BE54-9A1E7A4F7551}.Debug|Any CPU.Build.0 = Debug|Any CPU
		{9A19103F-16F7-4668-BE54-9A1E7A4F7551}.Debug|x64.ActiveCfg = Debug|Any CPU
		{9A19103F-16F7-4668-BE54-9A1E7A4F7551}.Debug|x64.Build.0 = Debug|Any CPU
		{9A19103F-16F7-4668-BE54-9A1E7A4F7551}.Debug|x86.ActiveCfg = Debug|Any CPU
		{9A19103F-16F7-4668-BE54-9A1E7A4F7551}.Debug|x86.Build.0 = Debug|Any CPU
		{9A19103F-16F7-4668-BE54-9A1E7A4F7551}.Release|Any CPU.ActiveCfg = Release|Any CPU
		{9A19103F-16F7-4668-BE54-9A1E7A4F7551}.Release|Any CPU.Build.0 = Release|Any CPU
		{9A19103F-16F7-4668-BE54-9A1E7A4F7551}.Release|x64.ActiveCfg = Release|Any CPU
		{9A19103F-16F7-4668-BE54-9A1E7A4F7551}.Release|x64.Build.0 = Release|Any CPU
		{9A19103F-16F7-4668-BE54-9A1E7A4F7551}.Release|x86.ActiveCfg = Release|Any CPU
		{9A19103F-16F7-4668-BE54-9A1E7A4F7551}.Release|x86.Build.0 = Release|Any CPU
		{B71BE7B2-9B15-48A8-BB26-33A90636D5E6}.Debug|Any CPU.ActiveCfg = Debug|Any CPU
		{B71BE7B2-9B15-48A8-BB26-33A90636D5E6}.Debug|Any CPU.Build.0 = Debug|Any CPU
		{B71BE7B2-9B15-48A8-BB26-33A90636D5E6}.Debug|x64.ActiveCfg = Debug|Any CPU
		{B71BE7B2-9B15-48A8-BB26-33A90636D5E6}.Debug|x64.Build.0 = Debug|Any CPU
		{B71BE7B2-9B15-48A8-BB26-33A90636D5E6}.Debug|x86.ActiveCfg = Debug|Any CPU
		{B71BE7B2-9B15-48A8-BB26-33A90636D5E6}.Debug|x86.Build.0 = Debug|Any CPU
		{B71BE7B2-9B15-48A8-BB26-33A90636D5E6}.Release|Any CPU.ActiveCfg = Release|Any CPU
		{B71BE7B2-9B15-48A8-BB26-33A90636D5E6}.Release|Any CPU.Build.0 = Release|Any CPU
		{B71BE7B2-9B15-48A8-BB26-33A90636D5E6}.Release|x64.ActiveCfg = Release|Any CPU
		{B71BE7B2-9B15-48A8-BB26-33A90636D5E6}.Release|x64.Build.0 = Release|Any CPU
		{B71BE7B2-9B15-48A8-BB26-33A90636D5E6}.Release|x86.ActiveCfg = Release|Any CPU
		{B71BE7B2-9B15-48A8-BB26-33A90636D5E6}.Release|x86.Build.0 = Release|Any CPU
		{566C4717-D3ED-44AF-A3BF-CE1F80DAEBDC}.Debug|Any CPU.ActiveCfg = Debug|Any CPU
		{566C4717-D3ED-44AF-A3BF-CE1F80DAEBDC}.Debug|Any CPU.Build.0 = Debug|Any CPU
		{566C4717-D3ED-44AF-A3BF-CE1F80DAEBDC}.Debug|x64.ActiveCfg = Debug|Any CPU
		{566C4717-D3ED-44AF-A3BF-CE1F80DAEBDC}.Debug|x64.Build.0 = Debug|Any CPU
		{566C4717-D3ED-44AF-A3BF-CE1F80DAEBDC}.Debug|x86.ActiveCfg = Debug|Any CPU
		{566C4717-D3ED-44AF-A3BF-CE1F80DAEBDC}.Debug|x86.Build.0 = Debug|Any CPU
		{566C4717-D3ED-44AF-A3BF-CE1F80DAEBDC}.Release|Any CPU.ActiveCfg = Release|Any CPU
		{566C4717-D3ED-44AF-A3BF-CE1F80DAEBDC}.Release|Any CPU.Build.0 = Release|Any CPU
		{566C4717-D3ED-44AF-A3BF-CE1F80DAEBDC}.Release|x64.ActiveCfg = Release|Any CPU
		{566C4717-D3ED-44AF-A3BF-CE1F80DAEBDC}.Release|x64.Build.0 = Release|Any CPU
		{566C4717-D3ED-44AF-A3BF-CE1F80DAEBDC}.Release|x86.ActiveCfg = Release|Any CPU
		{566C4717-D3ED-44AF-A3BF-CE1F80DAEBDC}.Release|x86.Build.0 = Release|Any CPU
	EndGlobalSection
	GlobalSection(SolutionProperties) = preSolution
		HideSolutionNode = FALSE
	EndGlobalSection
	GlobalSection(NestedProjects) = preSolution
		{9A19103F-16F7-4668-BE54-9A1E7A4F7554} = {893DD448-96BF-4115-94D6-E85E6466F614}
		{9A19103F-16F7-4668-BE54-9A1E7A4F7553} = {893DD448-96BF-4115-94D6-E85E6466F614}
		{9A19103F-16F7-4668-BE54-9A1E7A4F7552} = {893DD448-96BF-4115-94D6-E85E6466F614}
		{9A19103F-16F7-4668-BE54-9A1E7A4F7551} = {893DD448-96BF-4115-94D6-E85E6466F614}
		{B71BE7B2-9B15-48A8-BB26-33A90636D5E6} = {36D4F041-A871-48E0-89FC-9B47E9A71383}
		{566C4717-D3ED-44AF-A3BF-CE1F80DAEBDC} = {893DD448-96BF-4115-94D6-E85E6466F614}
	EndGlobalSection
	GlobalSection(ExtensibilityGlobals) = postSolution
		SolutionGuid = {1ED67F7D-1272-45A2-A550-68A214A3899C}
	EndGlobalSection
EndGlobal
